
Microsoft Visual Studio Solution File, Format Version 12.00
# Visual Studio Version 17
VisualStudioVersion = 17.0.31903.59
MinimumVisualStudioVersion = 10.0.40219.1
Project("{2150E333-8FDC-42A3-9474-1A3956D46DE8}") = "src", "src", "{03EDFF47-B0C8-4201-87B9-90A922580827}"
EndProject
Project("{FAE04EC0-301F-11D3-BF4B-00C04F79EFBC}") = "MacRobert.InterpolatedString", "src\InterpolatedString\MacRobert.InterpolatedString.csproj", "{0CF20216-4064-4FF7-88FD-405DFB9B8C03}"
EndProject
Project("{2150E333-8FDC-42A3-9474-1A3956D46DE8}") = "test", "test", "{4CBD7C75-9585-4168-B9C8-1F8758B1A34E}"
EndProject
Project("{FAE04EC0-301F-11D3-BF4B-00C04F79EFBC}") = "Test.MacRobert.InterpolatedString", "test\Test.MacRobert.InterpolatedString\Test.MacRobert.InterpolatedString.csproj", "{546FE155-8F1F-469D-AE5B-D29C25F1793B}"
EndProject
Global
	GlobalSection(SolutionConfigurationPlatforms) = preSolution
		Debug|Any CPU = Debug|Any CPU
		Release|Any CPU = Release|Any CPU
	EndGlobalSection
	GlobalSection(SolutionProperties) = preSolution
		HideSolutionNode = FALSE
	EndGlobalSection
	GlobalSection(ProjectConfigurationPlatforms) = postSolution
		{0CF20216-4064-4FF7-88FD-405DFB9B8C03}.Debug|Any CPU.ActiveCfg = Debug|Any CPU
		{0CF20216-4064-4FF7-88FD-405DFB9B8C03}.Debug|Any CPU.Build.0 = Debug|Any CPU
		{0CF20216-4064-4FF7-88FD-405DFB9B8C03}.Release|Any CPU.ActiveCfg = Release|Any CPU
		{0CF20216-4064-4FF7-88FD-405DFB9B8C03}.Release|Any CPU.Build.0 = Release|Any CPU
		{546FE155-8F1F-469D-AE5B-D29C25F1793B}.Debug|Any CPU.ActiveCfg = Debug|Any CPU
		{546FE155-8F1F-469D-AE5B-D29C25F1793B}.Debug|Any CPU.Build.0 = Debug|Any CPU
		{546FE155-8F1F-469D-AE5B-D29C25F1793B}.Release|Any CPU.ActiveCfg = Release|Any CPU
		{546FE155-8F1F-469D-AE5B-D29C25F1793B}.Release|Any CPU.Build.0 = Release|Any CPU
	EndGlobalSection
	GlobalSection(NestedProjects) = preSolution
		{0CF20216-4064-4FF7-88FD-405DFB9B8C03} = {03EDFF47-B0C8-4201-87B9-90A922580827}
		{546FE155-8F1F-469D-AE5B-D29C25F1793B} = {4CBD7C75-9585-4168-B9C8-1F8758B1A34E}
	EndGlobalSection
EndGlobal
